<Solution>
  <Project Path="CarRental.API/CarRental.API.csproj" />
  <Project Path="CarRental.Application/CarRental.Application.csproj" />
  <Project Path="CarRental.Domain/CarRental.Domain.csproj" />
  <Project Path="CarRental.Infrastructure/CarRental.Infrastructure.csproj" />
  <Project Path="CarRental.Web/CarRental.Web.csproj" />
  <Project Path="docker-compose.dcproj">
    <Build />
  </Project>
</Solution>
